# THIS IS AN AUTOGENERATED FILE. DO NOT EDIT THIS FILE DIRECTLY.
# yarn lockfile v1


git-clone@^0.2.0:
  version "0.2.0"
  resolved "https://registry.yarnpkg.com/git-clone/-/git-clone-0.2.0.tgz#9dce00facbab227d2562150052cd4a3a7ec15c41"
  integrity sha512-1UAkEPIFbyjHaddljUKvPhhLRnrKaImT71T7rdvSvWLXw95nLdhdi6Qmlx0KOWoV1qqvHGLq5lMLJEZM0JXk8A==
